
Microsoft Visual Studio Solution File, Format Version 12.00
# Visual Studio Version 17
VisualStudioVersion = 17.5.33530.505
MinimumVisualStudioVersion = 10.0.40219.1
Project("{2150E333-8FDC-42A3-9474-1A3956D46DE8}") = "src", "src", "{02D11196-BA8F-4911-9638-9CD4F1B0F3C6}"
EndProject
Project("{FAE04EC0-301F-11D3-BF4B-00C04F79EFBC}") = "TBC.Web", "src\TBC.Web\TBC.Web.csproj", "{22EE64A7-96A5-421D-82EC-32B3590ABBFF}"
EndProject
Global
	GlobalSection(SolutionConfigurationPlatforms) = preSolution
		Debug|Any CPU = Debug|Any CPU
		Release|Any CPU = Release|Any CPU
	EndGlobalSection
	GlobalSection(ProjectConfigurationPlatforms) = postSolution
		{22EE64A7-96A5-421D-82EC-32B3590ABBFF}.Debug|Any CPU.ActiveCfg = Debug|Any CPU
		{22EE64A7-96A5-421D-82EC-32B3590ABBFF}.Debug|Any CPU.Build.0 = Debug|Any CPU
		{22EE64A7-96A5-421D-82EC-32B3590ABBFF}.Release|Any CPU.ActiveCfg = Release|Any CPU
		{22EE64A7-96A5-421D-82EC-32B3590ABBFF}.Release|Any CPU.Build.0 = Release|Any CPU
	EndGlobalSection
	GlobalSection(SolutionProperties) = preSolution
		HideSolutionNode = FALSE
	EndGlobalSection
	GlobalSection(NestedProjects) = preSolution
		{22EE64A7-96A5-421D-82EC-32B3590ABBFF} = {02D11196-BA8F-4911-9638-9CD4F1B0F3C6}
	EndGlobalSection
	GlobalSection(ExtensibilityGlobals) = postSolution
		SolutionGuid = {E670D024-59C1-45B8-BB33-505FA491EFDE}
	EndGlobalSection
EndGlobal
